// !$*UTF8*$!
{
	archiveVersion = 1;
	classes = {
	};
	objectVersion = 90;
	objects = {

/* Begin PBXBuildFile section */
		AA0000000000000000000020 /* WPTrackerWatchApp.swift in Sources */ = {isa = PBXBuildFile; fileRef = AA0000000000000000000010 /* WPTrackerWatchApp.swift */; };
		AA0000000000000000000021 /* AppModel.swift in Sources */ = {isa = PBXBuildFile; fileRef = AA0000000000000000000011 /* AppModel.swift */; };
		AA0000000000000000000022 /* HapticManager.swift in Sources */ = {isa = PBXBuildFile; fileRef = AA0000000000000000000012 /* HapticManager.swift */; };
		AA0000000000000000000029 /* WPColors.swift in Sources */ = {isa = PBXBuildFile; fileRef = AA0000000000000000000019 /* WPColors.swift */; };
		AA000000000000000000002A /* WorkoutManager.swift in Sources */ = {isa = PBXBuildFile; fileRef = AA000000000000000000001A /* WorkoutManager.swift */; };
		AA0000000000000000000023 /* SetupView.swift in Sources */ = {isa = PBXBuildFile; fileRef = AA0000000000000000000013 /* SetupView.swift */; };
		AA0000000000000000000024 /* MatchView.swift in Sources */ = {isa = PBXBuildFile; fileRef = AA0000000000000000000014 /* MatchView.swift */; };
		AA0000000000000000000025 /* SummaryView.swift in Sources */ = {isa = PBXBuildFile; fileRef = AA0000000000000000000015 /* SummaryView.swift */; };
		AA0000000000000000000026 /* Assets.xcassets in Resources */ = {isa = PBXBuildFile; fileRef = AA0000000000000000000016 /* Assets.xcassets */; };
		AA0000000000000000000027 /* Shared.xcframework in Frameworks */ = {isa = PBXBuildFile; fileRef = AA0000000000000000000017 /* Shared.xcframework */; };
		AA0000000000000000000028 /* Shared.xcframework in Embed Frameworks */ = {isa = PBXBuildFile; fileRef = AA0000000000000000000017 /* Shared.xcframework */; settings = {ATTRIBUTES = (CodeSignOnCopy, RemoveHeadersOnCopy, ); }; };
		AA0000000000000000000070 /* TestHelpers.swift in Sources */ = {isa = PBXBuildFile; fileRef = AA0000000000000000000061 /* TestHelpers.swift */; };
		AA0000000000000000000071 /* MatchViewTests.swift in Sources */ = {isa = PBXBuildFile; fileRef = AA0000000000000000000062 /* MatchViewTests.swift */; };
		AA0000000000000000000072 /* SetupViewTests.swift in Sources */ = {isa = PBXBuildFile; fileRef = AA0000000000000000000063 /* SetupViewTests.swift */; };
		AA0000000000000000000073 /* SummaryViewTests.swift in Sources */ = {isa = PBXBuildFile; fileRef = AA0000000000000000000064 /* SummaryViewTests.swift */; };
/* End PBXBuildFile section */

/* Begin PBXContainerItemProxy section */
		AA00000000000000000000B0 /* PBXContainerItemProxy */ = {
			isa = PBXContainerItemProxy;
			containerPortal = AA0000000000000000000001 /* Project object */;
			proxyType = 1;
			remoteGlobalIDString = AA0000000000000000000030;
			remoteInfo = WPTracker;
		};
/* End PBXContainerItemProxy section */

/* Begin PBXCopyFilesBuildPhase section */
		AA0000000000000000000034 /* Embed Frameworks */ = {
			isa = PBXCopyFilesBuildPhase;
			dstPath = "";
			dstSubfolder = Frameworks;
			files = (
				AA0000000000000000000028 /* Shared.xcframework in Embed Frameworks */,
			);
			name = "Embed Frameworks";
		};
/* End PBXCopyFilesBuildPhase section */

/* Begin PBXFileReference section */
		385761212F619F1E003B806B /* WPTrackerWatch Watch App.entitlements */ = {isa = PBXFileReference; lastKnownFileType = text.plist.entitlements; path = "WPTrackerWatch Watch App.entitlements"; sourceTree = "<group>"; };
		AA0000000000000000000010 /* WPTrackerWatchApp.swift */ = {isa = PBXFileReference; lastKnownFileType = sourcecode.swift; path = WPTrackerWatchApp.swift; sourceTree = "<group>"; };
		AA0000000000000000000011 /* AppModel.swift */ = {isa = PBXFileReference; lastKnownFileType = sourcecode.swift; path = AppModel.swift; sourceTree = "<group>"; };
		AA0000000000000000000012 /* HapticManager.swift */ = {isa = PBXFileReference; lastKnownFileType = sourcecode.swift; path = HapticManager.swift; sourceTree = "<group>"; };
		AA0000000000000000000019 /* WPColors.swift */ = {isa = PBXFileReference; lastKnownFileType = sourcecode.swift; path = WPColors.swift; sourceTree = "<group>"; };
		AA000000000000000000001A /* WorkoutManager.swift */ = {isa = PBXFileReference; lastKnownFileType = sourcecode.swift; path = WorkoutManager.swift; sourceTree = "<group>"; };
		AA0000000000000000000013 /* SetupView.swift */ = {isa = PBXFileReference; lastKnownFileType = sourcecode.swift; path = SetupView.swift; sourceTree = "<group>"; };
		AA0000000000000000000014 /* MatchView.swift */ = {isa = PBXFileReference; lastKnownFileType = sourcecode.swift; path = MatchView.swift; sourceTree = "<group>"; };
		AA0000000000000000000015 /* SummaryView.swift */ = {isa = PBXFileReference; lastKnownFileType = sourcecode.swift; path = SummaryView.swift; sourceTree = "<group>"; };
		AA0000000000000000000016 /* Assets.xcassets */ = {isa = PBXFileReference; lastKnownFileType = folder.assetcatalog; path = Assets.xcassets; sourceTree = "<group>"; };
		AA0000000000000000000017 /* Shared.xcframework */ = {isa = PBXFileReference; lastKnownFileType = wrapper.xcframework; name = Shared.xcframework; path = ../shared/build/XCFrameworks/debug/Shared.xcframework; sourceTree = SOURCE_ROOT; };
		AA0000000000000000000018 /* WPTracker.app */ = {isa = PBXFileReference; explicitFileType = wrapper.application; includeInIndex = 0; path = WPTracker.app; sourceTree = BUILT_PRODUCTS_DIR; };
		AA0000000000000000000060 /* WPTrackerUITests.xctest */ = {isa = PBXFileReference; explicitFileType = wrapper.cfbundle; includeInIndex = 0; path = WPTrackerUITests.xctest; sourceTree = BUILT_PRODUCTS_DIR; };
		AA0000000000000000000061 /* TestHelpers.swift */ = {isa = PBXFileReference; lastKnownFileType = sourcecode.swift; path = TestHelpers.swift; sourceTree = "<group>"; };
		AA0000000000000000000062 /* MatchViewTests.swift */ = {isa = PBXFileReference; lastKnownFileType = sourcecode.swift; path = MatchViewTests.swift; sourceTree = "<group>"; };
		AA0000000000000000000063 /* SetupViewTests.swift */ = {isa = PBXFileReference; lastKnownFileType = sourcecode.swift; path = SetupViewTests.swift; sourceTree = "<group>"; };
		AA0000000000000000000064 /* SummaryViewTests.swift */ = {isa = PBXFileReference; lastKnownFileType = sourcecode.swift; path = SummaryViewTests.swift; sourceTree = "<group>"; };
/* End PBXFileReference section */

/* Begin PBXTargetDependency section */
		AA00000000000000000000B1 /* PBXTargetDependency */ = {
			isa = PBXTargetDependency;
			target = AA0000000000000000000030 /* WPTracker */;
			targetProxy = AA00000000000000000000B0 /* PBXContainerItemProxy */;
		};
/* End PBXTargetDependency section */

/* Begin PBXFrameworksBuildPhase section */
		AA0000000000000000000032 /* Frameworks */ = {
			isa = PBXFrameworksBuildPhase;
			files = (
				AA0000000000000000000027 /* Shared.xcframework in Frameworks */,
			);
		};
		AA0000000000000000000082 /* Frameworks */ = {
			isa = PBXFrameworksBuildPhase;
			files = (
			);
		};
/* End PBXFrameworksBuildPhase section */

/* Begin PBXGroup section */
		AA0000000000000000000002 = {
			isa = PBXGroup;
			children = (
				385761212F619F1E003B806B /* WPTrackerWatch Watch App.entitlements */,
				AA0000000000000000000005 /* WPTrackerWatch */,
				AA00000000000000000000A1 /* WPTrackerWatchUITests */,
				AA0000000000000000000004 /* Frameworks */,
				AA0000000000000000000003 /* Products */,
			);
			sourceTree = "<group>";
		};
		AA0000000000000000000003 /* Products */ = {
			isa = PBXGroup;
			children = (
				AA0000000000000000000018 /* WPTracker.app */,
				AA0000000000000000000060 /* WPTrackerUITests.xctest */,
			);
			name = Products;
			sourceTree = "<group>";
		};
		AA0000000000000000000004 /* Frameworks */ = {
			isa = PBXGroup;
			children = (
				AA0000000000000000000017 /* Shared.xcframework */,
			);
			name = Frameworks;
			sourceTree = "<group>";
		};
		AA0000000000000000000005 /* WPTrackerWatch */ = {
			isa = PBXGroup;
			children = (
				AA0000000000000000000010 /* WPTrackerWatchApp.swift */,
				AA0000000000000000000011 /* AppModel.swift */,
				AA000000000000000000001A /* WorkoutManager.swift */,
				AA0000000000000000000019 /* WPColors.swift */,
				AA0000000000000000000006 /* Haptics */,
				AA0000000000000000000007 /* Views */,
				AA0000000000000000000016 /* Assets.xcassets */,
			);
			path = WPTrackerWatch;
			sourceTree = "<group>";
		};
		AA0000000000000000000006 /* Haptics */ = {
			isa = PBXGroup;
			children = (
				AA0000000000000000000012 /* HapticManager.swift */,
			);
			path = Haptics;
			sourceTree = "<group>";
		};
		AA0000000000000000000007 /* Views */ = {
			isa = PBXGroup;
			children = (
				AA0000000000000000000008 /* Setup */,
				AA0000000000000000000009 /* Match */,
				AA000000000000000000000A /* Summary */,
			);
			path = Views;
			sourceTree = "<group>";
		};
		AA0000000000000000000008 /* Setup */ = {
			isa = PBXGroup;
			children = (
				AA0000000000000000000013 /* SetupView.swift */,
			);
			path = Setup;
			sourceTree = "<group>";
		};
		AA0000000000000000000009 /* Match */ = {
			isa = PBXGroup;
			children = (
				AA0000000000000000000014 /* MatchView.swift */,
			);
			path = Match;
			sourceTree = "<group>";
		};
		AA000000000000000000000A /* Summary */ = {
			isa = PBXGroup;
			children = (
				AA0000000000000000000015 /* SummaryView.swift */,
			);
			path = Summary;
			sourceTree = "<group>";
		};
		AA00000000000000000000A1 /* WPTrackerWatchUITests */ = {
			isa = PBXGroup;
			children = (
				AA0000000000000000000061 /* TestHelpers.swift */,
				AA0000000000000000000062 /* MatchViewTests.swift */,
				AA0000000000000000000063 /* SetupViewTests.swift */,
				AA0000000000000000000064 /* SummaryViewTests.swift */,
			);
			path = WPTrackerWatchUITests;
			sourceTree = "<group>";
		};
/* End PBXGroup section */

/* Begin PBXNativeTarget section */
		AA0000000000000000000030 /* WPTracker */ = {
			isa = PBXNativeTarget;
			buildConfigurationList = AA0000000000000000000051 /* Build configuration list for PBXNativeTarget "WPTracker" */;
			buildPhases = (
				AA0000000000000000000031 /* Sources */,
				AA0000000000000000000032 /* Frameworks */,
				AA0000000000000000000033 /* Resources */,
				AA0000000000000000000034 /* Embed Frameworks */,
			);
			buildRules = (
			);
			name = WPTracker;
			productName = "WPTrackerWatch Watch App";
			productReference = AA0000000000000000000018 /* WPTracker.app */;
			productType = "com.apple.product-type.application";
		};
		AA0000000000000000000080 /* WPTrackerUITests */ = {
			isa = PBXNativeTarget;
			buildConfigurationList = AA00000000000000000000A0 /* Build configuration list for PBXNativeTarget "WPTrackerUITests" */;
			buildPhases = (
				AA0000000000000000000081 /* Sources */,
				AA0000000000000000000082 /* Frameworks */,
				AA0000000000000000000083 /* Resources */,
			);
			buildRules = (
			);
			dependencies = (
				AA00000000000000000000B1 /* PBXTargetDependency */,
			);
			name = WPTrackerUITests;
			productName = WPTrackerUITests;
			productReference = AA0000000000000000000060 /* WPTrackerUITests.xctest */;
			productType = "com.apple.product-type.bundle.ui-testing";
		};
/* End PBXNativeTarget section */

/* Begin PBXProject section */
		AA0000000000000000000001 /* Project object */ = {
			isa = PBXProject;
			attributes = {
				BuildIndependentTargetsInParallel = 1;
				LastSwiftUpdateCheck = 1610;
				LastUpgradeCheck = 2630;
				TargetAttributes = {
					AA0000000000000000000030 = {
						CreatedOnToolsVersion = 16.1;
					};
					AA0000000000000000000080 = {
						CreatedOnToolsVersion = 16.1;
						TestTargetID = AA0000000000000000000030;
					};
				};
			};
			buildConfigurationList = AA0000000000000000000050 /* Build configuration list for PBXProject "WPTracker" */;
			developmentRegion = en;
			hasScannedForEncodings = 0;
			knownRegions = (
				en,
				Base,
			);
			mainGroup = AA0000000000000000000002;
			preferredProjectObjectVersion = 90;
			productRefGroup = AA0000000000000000000003 /* Products */;
			projectDirPath = "";
			projectRoot = "";
			targets = (
				AA0000000000000000000030 /* WPTracker */,
				AA0000000000000000000080 /* WPTrackerUITests */,
			);
		};
/* End PBXProject section */

/* Begin PBXResourcesBuildPhase section */
		AA0000000000000000000033 /* Resources */ = {
			isa = PBXResourcesBuildPhase;
			files = (
				AA0000000000000000000026 /* Assets.xcassets in Resources */,
			);
		};
		AA0000000000000000000083 /* Resources */ = {
			isa = PBXResourcesBuildPhase;
			files = (
			);
		};
/* End PBXResourcesBuildPhase section */

/* Begin PBXSourcesBuildPhase section */
		AA0000000000000000000031 /* Sources */ = {
			isa = PBXSourcesBuildPhase;
			files = (
				AA0000000000000000000020 /* WPTrackerWatchApp.swift in Sources */,
				AA0000000000000000000021 /* AppModel.swift in Sources */,
				AA000000000000000000002A /* WorkoutManager.swift in Sources */,
				AA0000000000000000000022 /* HapticManager.swift in Sources */,
				AA0000000000000000000029 /* WPColors.swift in Sources */,
				AA0000000000000000000023 /* SetupView.swift in Sources */,
				AA0000000000000000000024 /* MatchView.swift in Sources */,
				AA0000000000000000000025 /* SummaryView.swift in Sources */,
			);
		};
		AA0000000000000000000081 /* Sources */ = {
			isa = PBXSourcesBuildPhase;
			files = (
				AA0000000000000000000070 /* TestHelpers.swift in Sources */,
				AA0000000000000000000071 /* MatchViewTests.swift in Sources */,
				AA0000000000000000000072 /* SetupViewTests.swift in Sources */,
				AA0000000000000000000073 /* SummaryViewTests.swift in Sources */,
			);
		};
/* End PBXSourcesBuildPhase section */

/* Begin XCBuildConfiguration section */
		AA0000000000000000000040 /* Debug configuration for PBXProject "WPTracker" */ = {
			isa = XCBuildConfiguration;
			buildSettings = {
				ALWAYS_SEARCH_USER_PATHS = NO;
				CLANG_ANALYZER_NONNULL = YES;
				CLANG_CXX_LANGUAGE_STANDARD = "gnu++20";
				CLANG_ENABLE_MODULES = YES;
				CLANG_ENABLE_OBJC_ARC = YES;
				CLANG_ENABLE_OBJC_WEAK = YES;
				CLANG_WARN_BLOCK_CAPTURE_AUTORELEASING = YES;
				CLANG_WARN_BOOL_CONVERSION = YES;
				CLANG_WARN_COMMA = YES;
				CLANG_WARN_CONSTANT_CONVERSION = YES;
				CLANG_WARN_DEPRECATED_OBJC_IMPLEMENTATIONS = YES;
				CLANG_WARN_DIRECT_OBJC_ISA_USAGE = YES_ERROR;
				CLANG_WARN_EMPTY_BODY = YES;
				CLANG_WARN_ENUM_CONVERSION = YES;
				CLANG_WARN_INFINITE_RECURSION = YES;
				CLANG_WARN_INT_CONVERSION = YES;
				CLANG_WARN_NON_LITERAL_NULL_CONVERSION = YES;
				CLANG_WARN_OBJC_IMPLICIT_RETAIN_SELF = YES;
				CLANG_WARN_OBJC_LITERAL_CONVERSION = YES;
				CLANG_WARN_OBJC_ROOT_CLASS = YES_ERROR;
				CLANG_WARN_QUOTED_INCLUDE_IN_FRAMEWORK_HEADER = YES;
				CLANG_WARN_RANGE_LOOP_ANALYSIS = YES;
				CLANG_WARN_STRICT_PROTOTYPES = YES;
				CLANG_WARN_SUSPICIOUS_MOVE = YES;
				CLANG_WARN_UNREACHABLE_CODE = YES;
				CLANG_WARN__DUPLICATE_METHOD_MATCH = YES;
				COPY_PHASE_STRIP = NO;
				DEAD_CODE_STRIPPING = YES;
				DEBUG_INFORMATION_FORMAT = dwarf;
				DEVELOPMENT_TEAM = 2TU892B7SY;
				ENABLE_STRICT_OBJC_MSGSEND = YES;
				ENABLE_TESTABILITY = YES;
				ENABLE_USER_SCRIPT_SANDBOXING = YES;
				GCC_C_LANGUAGE_STANDARD = gnu17;
				GCC_DYNAMIC_NO_PIC = NO;
				GCC_NO_COMMON_BLOCKS = YES;
				GCC_OPTIMIZATION_LEVEL = 0;
				GCC_PREPROCESSOR_DEFINITIONS = (
					"DEBUG=1",
					"$(inherited)",
				);
				GCC_WARN_64_TO_32_BIT_CONVERSION = YES;
				GCC_WARN_ABOUT_RETURN_TYPE = YES_ERROR;
				GCC_WARN_UNDECLARED_SELECTOR = YES;
				GCC_WARN_UNINITIALIZED_AUTOS = YES_AGGRESSIVE;
				GCC_WARN_UNUSED_FUNCTION = YES;
				GCC_WARN_UNUSED_VARIABLE = YES;
				MTL_ENABLE_DEBUG_INFO = INCLUDE_SOURCE;
				MTL_FAST_MATH = YES;
				ONLY_ACTIVE_ARCH = YES;
				STRING_CATALOG_GENERATE_SYMBOLS = YES;
				SWIFT_ACTIVE_COMPILATION_CONDITIONS = DEBUG;
				SWIFT_OPTIMIZATION_LEVEL = "-Onone";
			};
			name = Debug;
		};
		AA0000000000000000000041 /* Release configuration for PBXProject "WPTracker" */ = {
			isa = XCBuildConfiguration;
			buildSettings = {
				ALWAYS_SEARCH_USER_PATHS = NO;
				CLANG_ANALYZER_NONNULL = YES;
				CLANG_CXX_LANGUAGE_STANDARD = "gnu++20";
				CLANG_ENABLE_MODULES = YES;
				CLANG_ENABLE_OBJC_ARC = YES;
				CLANG_ENABLE_OBJC_WEAK = YES;
				CLANG_WARN_BLOCK_CAPTURE_AUTORELEASING = YES;
				CLANG_WARN_BOOL_CONVERSION = YES;
				CLANG_WARN_COMMA = YES;
				CLANG_WARN_CONSTANT_CONVERSION = YES;
				CLANG_WARN_DEPRECATED_OBJC_IMPLEMENTATIONS = YES;
				CLANG_WARN_DIRECT_OBJC_ISA_USAGE = YES_ERROR;
				CLANG_WARN_EMPTY_BODY = YES;
				CLANG_WARN_ENUM_CONVERSION = YES;
				CLANG_WARN_INFINITE_RECURSION = YES;
				CLANG_WARN_INT_CONVERSION = YES;
				CLANG_WARN_NON_LITERAL_NULL_CONVERSION = YES;
				CLANG_WARN_OBJC_IMPLICIT_RETAIN_SELF = YES;
				CLANG_WARN_OBJC_LITERAL_CONVERSION = YES;
				CLANG_WARN_OBJC_ROOT_CLASS = YES_ERROR;
				CLANG_WARN_QUOTED_INCLUDE_IN_FRAMEWORK_HEADER = YES;
				CLANG_WARN_RANGE_LOOP_ANALYSIS = YES;
				CLANG_WARN_STRICT_PROTOTYPES = YES;
				CLANG_WARN_SUSPICIOUS_MOVE = YES;
				CLANG_WARN_UNREACHABLE_CODE = YES;
				CLANG_WARN__DUPLICATE_METHOD_MATCH = YES;
				COPY_PHASE_STRIP = NO;
				DEAD_CODE_STRIPPING = YES;
				DEBUG_INFORMATION_FORMAT = "dwarf-with-dsym";
				DEVELOPMENT_TEAM = 2TU892B7SY;
				ENABLE_NS_ASSERTIONS = NO;
				ENABLE_STRICT_OBJC_MSGSEND = YES;
				ENABLE_USER_SCRIPT_SANDBOXING = YES;
				GCC_C_LANGUAGE_STANDARD = gnu17;
				GCC_NO_COMMON_BLOCKS = YES;
				GCC_WARN_64_TO_32_BIT_CONVERSION = YES;
				GCC_WARN_ABOUT_RETURN_TYPE = YES_ERROR;
				GCC_WARN_UNDECLARED_SELECTOR = YES;
				GCC_WARN_UNINITIALIZED_AUTOS = YES_AGGRESSIVE;
				GCC_WARN_UNUSED_FUNCTION = YES;
				GCC_WARN_UNUSED_VARIABLE = YES;
				MTL_FAST_MATH = YES;
				STRING_CATALOG_GENERATE_SYMBOLS = YES;
				SWIFT_COMPILATION_MODE = wholemodule;
				SWIFT_OPTIMIZATION_LEVEL = "-O";
			};
			name = Release;
		};
		AA0000000000000000000042 /* Debug configuration for PBXNativeTarget "WPTracker" */ = {
			isa = XCBuildConfiguration;
			buildSettings = {
				ASSETCATALOG_COMPILER_APPICON_NAME = AppIcon;
				ASSETCATALOG_COMPILER_GLOBAL_ACCENT_COLOR_NAME = AccentColor;
				CODE_SIGN_ENTITLEMENTS = "WPTrackerWatch Watch App.entitlements";
				CODE_SIGN_IDENTITY = "Apple Development";
				CODE_SIGN_STYLE = Automatic;
				CURRENT_PROJECT_VERSION = 20260313;
				DEVELOPMENT_TEAM = 9P2T82QGN8;
				GENERATE_INFOPLIST_FILE = YES;
				INFOPLIST_KEY_CFBundleDisplayName = "WP-Tracker";
				INFOPLIST_KEY_NSHealthShareUsageDescription = "WP Tracker reads health data to display your workout.";
				INFOPLIST_KEY_NSHealthUpdateUsageDescription = "WP Tracker saves your padel match as a tennis workout.";
				INFOPLIST_KEY_UISupportedInterfaceOrientations = "";
				INFOPLIST_KEY_WKWatchOnly = YES;
				LD_RUNPATH_SEARCH_PATHS = (
					"$(inherited)",
					"@executable_path/Frameworks",
				);
				MARKETING_VERSION = 1.1.1;
				PRODUCT_BUNDLE_IDENTIFIER = com.wptracker.watch;
				PRODUCT_NAME = "$(TARGET_NAME)";
				PROVISIONING_PROFILE_SPECIFIER = "";
				SDKROOT = watchos;
				SKIP_INSTALL = NO;
				SWIFT_EMIT_LOC_STRINGS = YES;
				SWIFT_VERSION = 6.0;
				TARGETED_DEVICE_FAMILY = 4;
				WATCHOS_DEPLOYMENT_TARGET = 26.0;
			};
			name = Debug;
		};
		AA0000000000000000000043 /* Release configuration for PBXNativeTarget "WPTracker" */ = {
			isa = XCBuildConfiguration;
			buildSettings = {
				ASSETCATALOG_COMPILER_APPICON_NAME = AppIcon;
				ASSETCATALOG_COMPILER_GLOBAL_ACCENT_COLOR_NAME = AccentColor;
				CODE_SIGN_ENTITLEMENTS = "WPTrackerWatch Watch App.entitlements";
				CODE_SIGN_IDENTITY = "Apple Development";
				CODE_SIGN_STYLE = Automatic;
				CURRENT_PROJECT_VERSION = 20260313;
				DEVELOPMENT_TEAM = 9P2T82QGN8;
				GENERATE_INFOPLIST_FILE = YES;
				INFOPLIST_KEY_CFBundleDisplayName = "WP-Tracker";
				INFOPLIST_KEY_NSHealthShareUsageDescription = "WP Tracker reads health data to display your workout.";
				INFOPLIST_KEY_NSHealthUpdateUsageDescription = "WP Tracker saves your padel match as a tennis workout.";
				INFOPLIST_KEY_UISupportedInterfaceOrientations = "";
				INFOPLIST_KEY_WKWatchOnly = YES;
				LD_RUNPATH_SEARCH_PATHS = (
					"$(inherited)",
					"@executable_path/Frameworks",
				);
				MARKETING_VERSION = 1.1.1;
				PRODUCT_BUNDLE_IDENTIFIER = com.wptracker.watch;
				PRODUCT_NAME = "$(TARGET_NAME)";
				PROVISIONING_PROFILE_SPECIFIER = "";
				SDKROOT = watchos;
				SKIP_INSTALL = NO;
				SWIFT_EMIT_LOC_STRINGS = YES;
				SWIFT_VERSION = 6.0;
				TARGETED_DEVICE_FAMILY = 4;
				WATCHOS_DEPLOYMENT_TARGET = 26.0;
			};
			name = Release;
		};
		AA0000000000000000000090 /* Debug configuration for PBXNativeTarget "WPTrackerUITests" */ = {
			isa = XCBuildConfiguration;
			buildSettings = {
				CODE_SIGN_STYLE = Automatic;
				DEVELOPMENT_TEAM = 9P2T82QGN8;
				GENERATE_INFOPLIST_FILE = YES;
				PRODUCT_BUNDLE_IDENTIFIER = "com.wptracker.watch.uitests";
				PRODUCT_NAME = "$(TARGET_NAME)";
				SDKROOT = watchos;
				SWIFT_VERSION = 6.0;
				TARGETED_DEVICE_FAMILY = 4;
				TEST_TARGET_NAME = WPTracker;
				WATCHOS_DEPLOYMENT_TARGET = 26.0;
			};
			name = Debug;
		};
		AA0000000000000000000091 /* Release configuration for PBXNativeTarget "WPTrackerUITests" */ = {
			isa = XCBuildConfiguration;
			buildSettings = {
				CODE_SIGN_STYLE = Automatic;
				DEVELOPMENT_TEAM = 9P2T82QGN8;
				GENERATE_INFOPLIST_FILE = YES;
				PRODUCT_BUNDLE_IDENTIFIER = "com.wptracker.watch.uitests";
				PRODUCT_NAME = "$(TARGET_NAME)";
				SDKROOT = watchos;
				SWIFT_VERSION = 6.0;
				TARGETED_DEVICE_FAMILY = 4;
				TEST_TARGET_NAME = WPTracker;
				WATCHOS_DEPLOYMENT_TARGET = 26.0;
			};
			name = Release;
		};
/* End XCBuildConfiguration section */

/* Begin XCConfigurationList section */
		AA0000000000000000000050 /* Build configuration list for PBXProject "WPTracker" */ = {
			isa = XCConfigurationList;
			buildConfigurations = (
				AA0000000000000000000040 /* Debug configuration for PBXProject "WPTracker" */,
				AA0000000000000000000041 /* Release configuration for PBXProject "WPTracker" */,
			);
			defaultConfigurationName = Release;
		};
		AA0000000000000000000051 /* Build configuration list for PBXNativeTarget "WPTracker" */ = {
			isa = XCConfigurationList;
			buildConfigurations = (
				AA0000000000000000000042 /* Debug configuration for PBXNativeTarget "WPTracker" */,
				AA0000000000000000000043 /* Release configuration for PBXNativeTarget "WPTracker" */,
			);
			defaultConfigurationName = Release;
		};
		AA00000000000000000000A0 /* Build configuration list for PBXNativeTarget "WPTrackerUITests" */ = {
			isa = XCConfigurationList;
			buildConfigurations = (
				AA0000000000000000000090 /* Debug configuration for PBXNativeTarget "WPTrackerUITests" */,
				AA0000000000000000000091 /* Release configuration for PBXNativeTarget "WPTrackerUITests" */,
			);
			defaultConfigurationName = Release;
		};
/* End XCConfigurationList section */
	};
	rootObject = AA0000000000000000000001 /* Project object */;
}
